
Microsoft Visual Studio Solution File, Format Version 12.00
# Visual Studio 15
VisualStudioVersion = 15.0.26621.2
MinimumVisualStudioVersion = 10.0.40219.1
Project("{D954291E-2A0B-460D-934E-DC6B0785DB48}") = "Itofinity.Bitbucket.Refit.shared", "src\Itofinity.Bitbucket.Refit.Shared\Itofinity.Bitbucket.Refit.shared.shproj", "{E563B1D4-8996-4D29-B045-46D309ABD843}"
EndProject
Project("{9A19103F-16F7-4668-BE54-9A1E7A4F7556}") = "Itofinity.Bitbucket.Refit", "src\Itofinity.Bitbucket.Refit\Itofinity.Bitbucket.Refit.csproj", "{20C061CB-0737-4167-BB5A-0031F23B4D3F}"
EndProject
Project("{9A19103F-16F7-4668-BE54-9A1E7A4F7556}") = "Itofinity.Bitbucket.Refit.Test", "src\Itofinity.Bitbucket.Refit.Test\Itofinity.Bitbucket.Refit.Test.csproj", "{90F58E2C-E140-4463-96CE-7036F81CA2E7}"
EndProject
Project("{9A19103F-16F7-4668-BE54-9A1E7A4F7556}") = "Itofinity.Bitbucket.Cli", "src\Itofinity.Bitbucket.Cli\Itofinity.Bitbucket.Cli.csproj", "{3DF7FD64-5981-4EAF-B79D-85ECFBA5C3A8}"
EndProject
Project("{9A19103F-16F7-4668-BE54-9A1E7A4F7556}") = "Itofinity.Refit.Cli.Utils", "src\Itofinity.Cli.Utils\Itofinity.Refit.Cli.Utils.csproj", "{F116613F-449F-4608-9942-5E6E3E82D25E}"
EndProject
Global
	GlobalSection(SharedMSBuildProjectFiles) = preSolution
		src\Itofinity.Bitbucket.Refit.Shared\Itofinity.Bitbucket.Refit.Shared.projitems*{e563b1d4-8996-4d29-b045-46d309abd843}*SharedItemsImports = 13
	EndGlobalSection
	GlobalSection(SolutionConfigurationPlatforms) = preSolution
		Debug|Any CPU = Debug|Any CPU
		Release|Any CPU = Release|Any CPU
	EndGlobalSection
	GlobalSection(ProjectConfigurationPlatforms) = postSolution
		{20C061CB-0737-4167-BB5A-0031F23B4D3F}.Debug|Any CPU.ActiveCfg = Debug|Any CPU
		{20C061CB-0737-4167-BB5A-0031F23B4D3F}.Debug|Any CPU.Build.0 = Debug|Any CPU
		{20C061CB-0737-4167-BB5A-0031F23B4D3F}.Release|Any CPU.ActiveCfg = Release|Any CPU
		{20C061CB-0737-4167-BB5A-0031F23B4D3F}.Release|Any CPU.Build.0 = Release|Any CPU
		{90F58E2C-E140-4463-96CE-7036F81CA2E7}.Debug|Any CPU.ActiveCfg = Debug|Any CPU
		{90F58E2C-E140-4463-96CE-7036F81CA2E7}.Debug|Any CPU.Build.0 = Debug|Any CPU
		{90F58E2C-E140-4463-96CE-7036F81CA2E7}.Release|Any CPU.ActiveCfg = Release|Any CPU
		{90F58E2C-E140-4463-96CE-7036F81CA2E7}.Release|Any CPU.Build.0 = Release|Any CPU
		{3DF7FD64-5981-4EAF-B79D-85ECFBA5C3A8}.Debug|Any CPU.ActiveCfg = Debug|Any CPU
		{3DF7FD64-5981-4EAF-B79D-85ECFBA5C3A8}.Debug|Any CPU.Build.0 = Debug|Any CPU
		{3DF7FD64-5981-4EAF-B79D-85ECFBA5C3A8}.Release|Any CPU.ActiveCfg = Release|Any CPU
		{3DF7FD64-5981-4EAF-B79D-85ECFBA5C3A8}.Release|Any CPU.Build.0 = Release|Any CPU
		{F116613F-449F-4608-9942-5E6E3E82D25E}.Debug|Any CPU.ActiveCfg = Debug|Any CPU
		{F116613F-449F-4608-9942-5E6E3E82D25E}.Debug|Any CPU.Build.0 = Debug|Any CPU
		{F116613F-449F-4608-9942-5E6E3E82D25E}.Release|Any CPU.ActiveCfg = Release|Any CPU
		{F116613F-449F-4608-9942-5E6E3E82D25E}.Release|Any CPU.Build.0 = Release|Any CPU
	EndGlobalSection
	GlobalSection(SolutionProperties) = preSolution
		HideSolutionNode = FALSE
	EndGlobalSection
	GlobalSection(ExtensibilityGlobals) = postSolution
		SolutionGuid = {F74B5F85-30FA-4FF8-9049-9F984A391C40}
	EndGlobalSection
EndGlobal
